
Microsoft Visual Studio Solution File, Format Version 12.00
# Visual Studio Version 17
VisualStudioVersion = 17.4.33205.214
MinimumVisualStudioVersion = 10.0.40219.1
Project("{9A19103F-16F7-4668-BE54-9A1E7A4F7556}") = "ClassLibrary", "ClassLibrary\ClassLibrary.csproj", "{F6661390-E13B-46F1-B560-8E6D42D33F15}"
EndProject
Project("{9A19103F-16F7-4668-BE54-9A1E7A4F7556}") = "LibraryWinApp", "LibraryWinApp\LibraryWinApp.csproj", "{F38BEA7A-8828-4921-91A7-7A60B31807F0}"
EndProject
Project("{FAE04EC0-301F-11D3-BF4B-00C04F79EFBC}") = "LibraryWebApp", "LibraryWebApp\LibraryWebApp.csproj", "{073BFDF9-D106-467D-961D-EE490D67D46A}"
EndProject
Global
	GlobalSection(SolutionConfigurationPlatforms) = preSolution
		Debug|Any CPU = Debug|Any CPU
		Release|Any CPU = Release|Any CPU
	EndGlobalSection
	GlobalSection(ProjectConfigurationPlatforms) = postSolution
		{F6661390-E13B-46F1-B560-8E6D42D33F15}.Debug|Any CPU.ActiveCfg = Debug|Any CPU
		{F6661390-E13B-46F1-B560-8E6D42D33F15}.Debug|Any CPU.Build.0 = Debug|Any CPU
		{F6661390-E13B-46F1-B560-8E6D42D33F15}.Release|Any CPU.ActiveCfg = Release|Any CPU
		{F6661390-E13B-46F1-B560-8E6D42D33F15}.Release|Any CPU.Build.0 = Release|Any CPU
		{F38BEA7A-8828-4921-91A7-7A60B31807F0}.Debug|Any CPU.ActiveCfg = Debug|Any CPU
		{F38BEA7A-8828-4921-91A7-7A60B31807F0}.Debug|Any CPU.Build.0 = Debug|Any CPU
		{F38BEA7A-8828-4921-91A7-7A60B31807F0}.Release|Any CPU.ActiveCfg = Release|Any CPU
		{F38BEA7A-8828-4921-91A7-7A60B31807F0}.Release|Any CPU.Build.0 = Release|Any CPU
		{073BFDF9-D106-467D-961D-EE490D67D46A}.Debug|Any CPU.ActiveCfg = Debug|Any CPU
		{073BFDF9-D106-467D-961D-EE490D67D46A}.Debug|Any CPU.Build.0 = Debug|Any CPU
		{073BFDF9-D106-467D-961D-EE490D67D46A}.Release|Any CPU.ActiveCfg = Release|Any CPU
		{073BFDF9-D106-467D-961D-EE490D67D46A}.Release|Any CPU.Build.0 = Release|Any CPU
	EndGlobalSection
	GlobalSection(SolutionProperties) = preSolution
		HideSolutionNode = FALSE
	EndGlobalSection
	GlobalSection(ExtensibilityGlobals) = postSolution
		SolutionGuid = {517ECE65-3F32-44E6-AA33-10048567239D}
	EndGlobalSection
EndGlobal
